
Microsoft Visual Studio Solution File, Format Version 12.00
# Visual Studio 14
VisualStudioVersion = 14.0.23107.0
MinimumVisualStudioVersion = 10.0.40219.1
Project("{FAE04EC0-301F-11D3-BF4B-00C04F79EFBC}") = "ReactiveMvvm", "ReactiveMvvm\ReactiveMvvm.csproj", "{33BA1C57-32F7-45CA-98FF-49F35F4CAD99}"
EndProject
Project("{FAE04EC0-301F-11D3-BF4B-00C04F79EFBC}") = "ReactiveMvvm.Tests", "ReactiveMvvm.Tests\ReactiveMvvm.Tests.csproj", "{2E4288F9-DE87-4A2B-A131-706821DA24B5}"
EndProject
Global
	GlobalSection(SolutionConfigurationPlatforms) = preSolution
		Debug|Any CPU = Debug|Any CPU
		Release|Any CPU = Release|Any CPU
	EndGlobalSection
	GlobalSection(ProjectConfigurationPlatforms) = postSolution
		{33BA1C57-32F7-45CA-98FF-49F35F4CAD99}.Debug|Any CPU.ActiveCfg = Debug|Any CPU
		{33BA1C57-32F7-45CA-98FF-49F35F4CAD99}.Debug|Any CPU.Build.0 = Debug|Any CPU
		{33BA1C57-32F7-45CA-98FF-49F35F4CAD99}.Release|Any CPU.ActiveCfg = Release|Any CPU
		{33BA1C57-32F7-45CA-98FF-49F35F4CAD99}.Release|Any CPU.Build.0 = Release|Any CPU
		{2E4288F9-DE87-4A2B-A131-706821DA24B5}.Debug|Any CPU.ActiveCfg = Debug|Any CPU
		{2E4288F9-DE87-4A2B-A131-706821DA24B5}.Debug|Any CPU.Build.0 = Debug|Any CPU
		{2E4288F9-DE87-4A2B-A131-706821DA24B5}.Release|Any CPU.ActiveCfg = Release|Any CPU
		{2E4288F9-DE87-4A2B-A131-706821DA24B5}.Release|Any CPU.Build.0 = Release|Any CPU
	EndGlobalSection
	GlobalSection(SolutionProperties) = preSolution
		HideSolutionNode = FALSE
	EndGlobalSection
EndGlobal
